// !$*UTF8*$!
{
	archiveVersion = 1;
	classes = {
	};
	objectVersion = 46;
	objects = {

/* Begin PBXBuildFile section */
		7B62F67F1EA5AEDF00D30730 /* main.m in Sources */ = {isa = PBXBuildFile; fileRef = 7B62F67E1EA5AEDF00D30730 /* main.m */; };
		7B62F6821EA5AEDF00D30730 /* AppDelegate.m in Sources */ = {isa = PBXBuildFile; fileRef = 7B62F6811EA5AEDF00D30730 /* AppDelegate.m */; };
		7B62F6851EA5AEDF00D30730 /* ViewController.m in Sources */ = {isa = PBXBuildFile; fileRef = 7B62F6841EA5AEDF00D30730 /* ViewController.m */; };
		7B62F6881EA5AEDF00D30730 /* Main.storyboard in Resources */ = {isa = PBXBuildFile; fileRef = 7B62F6861EA5AEDF00D30730 /* Main.storyboard */; };
		7B62F68A1EA5AEDF00D30730 /* Assets.xcassets in Resources */ = {isa = PBXBuildFile; fileRef = 7B62F6891EA5AEDF00D30730 /* Assets.xcassets */; };
		7B62F68D1EA5AEDF00D30730 /* LaunchScreen.storyboard in Resources */ = {isa = PBXBuildFile; fileRef = 7B62F68B1EA5AEDF00D30730 /* LaunchScreen.storyboard */; };
		7B62F6981EA5AEDF00D30730 /* WaterWaveTests.m in Sources */ = {isa = PBXBuildFile; fileRef = 7B62F6971EA5AEDF00D30730 /* WaterWaveTests.m */; };
		7B62F6A31EA5AEDF00D30730 /* WaterWaveUITests.m in Sources */ = {isa = PBXBuildFile; fileRef = 7B62F6A21EA5AEDF00D30730 /* WaterWaveUITests.m */; };
		7B62F6B31EA5AF3300D30730 /* SJWaterWaveView.m in Sources */ = {isa = PBXBuildFile; fileRef = 7B62F6B21EA5AF3300D30730 /* SJWaterWaveView.m */; };
/* End PBXBuildFile section */

/* Begin PBXContainerItemProxy section */
		7B62F6941EA5AEDF00D30730 /* PBXContainerItemProxy */ = {
			isa = PBXContainerItemProxy;
			containerPortal = 7B62F6721EA5AEDF00D30730 /* Project object */;
			proxyType = 1;
			remoteGlobalIDString = 7B62F6791EA5AEDF00D30730;
			remoteInfo = WaterWave;
		};
		7B62F69F1EA5AEDF00D30730 /* PBXContainerItemProxy */ = {
			isa = PBXContainerItemProxy;
			containerPortal = 7B62F6721EA5AEDF00D30730 /* Project object */;
			proxyType = 1;
			remoteGlobalIDString = 7B62F6791EA5AEDF00D30730;
			remoteInfo = WaterWave;
		};
/* End PBXContainerItemProxy section */

/* Begin PBXFileReference section */
		7B62F67A1EA5AEDF00D30730 /* WaterWave.app */ = {isa = PBXFileReference; explicitFileType = wrapper.application; includeInIndex = 0; path = WaterWave.app; sourceTree = BUILT_PRODUCTS_DIR; };
		7B62F67E1EA5AEDF00D30730 /* main.m */ = {isa = PBXFileReference; lastKnownFileType = sourcecode.c.objc; path = main.m; sourceTree = "<group>"; };
		7B62F6801EA5AEDF00D30730 /* AppDelegate.h */ = {isa = PBXFileReference; lastKnownFileType = sourcecode.c.h; path = AppDelegate.h; sourceTree = "<group>"; };
		7B62F6811EA5AEDF00D30730 /* AppDelegate.m */ = {isa = PBXFileReference; lastKnownFileType = sourcecode.c.objc; path = AppDelegate.m; sourceTree = "<group>"; };
		7B62F6831EA5AEDF00D30730 /* ViewController.h */ = {isa = PBXFileReference; lastKnownFileType = sourcecode.c.h; path = ViewController.h; sourceTree = "<group>"; };
		7B62F6841EA5AEDF00D30730 /* ViewController.m */ = {isa = PBXFileReference; lastKnownFileType = sourcecode.c.objc; path = ViewController.m; sourceTree = "<group>"; };
		7B62F6871EA5AEDF00D30730 /* Base */ = {isa = PBXFileReference; lastKnownFileType = file.storyboard; name = Base; path = Base.lproj/Main.storyboard; sourceTree = "<group>"; };
		7B62F6891EA5AEDF00D30730 /* Assets.xcassets */ = {isa = PBXFileReference; lastKnownFileType = folder.assetcatalog; path = Assets.xcassets; sourceTree = "<group>"; };
		7B62F68C1EA5AEDF00D30730 /* Base */ = {isa = PBXFileReference; lastKnownFileType = file.storyboard; name = Base; path = Base.lproj/LaunchScreen.storyboard; sourceTree = "<group>"; };
		7B62F68E1EA5AEDF00D30730 /* Info.plist */ = {isa = PBXFileReference; lastKnownFileType = text.plist.xml; path = Info.plist; sourceTree = "<group>"; };
		7B62F6931EA5AEDF00D30730 /* WaterWaveTests.xctest */ = {isa = PBXFileReference; explicitFileType = wrapper.cfbundle; includeInIndex = 0; path = WaterWaveTests.xctest; sourceTree = BUILT_PRODUCTS_DIR; };
		7B62F6971EA5AEDF00D30730 /* WaterWaveTests.m */ = {isa = PBXFileReference; lastKnownFileType = sourcecode.c.objc; path = WaterWaveTests.m; sourceTree = "<group>"; };
		7B62F6991EA5AEDF00D30730 /* Info.plist */ = {isa = PBXFileReference; lastKnownFileType = text.plist.xml; path = Info.plist; sourceTree = "<group>"; };
		7B62F69E1EA5AEDF00D30730 /* WaterWaveUITests.xctest */ = {isa = PBXFileReference; explicitFileType = wrapper.cfbundle; includeInIndex = 0; path = WaterWaveUITests.xctest; sourceTree = BUILT_PRODUCTS_DIR; };
		7B62F6A21EA5AEDF00D30730 /* WaterWaveUITests.m */ = {isa = PBXFileReference; lastKnownFileType = sourcecode.c.objc; path = WaterWaveUITests.m; sourceTree = "<group>"; };
		7B62F6A41EA5AEDF00D30730 /* Info.plist */ = {isa = PBXFileReference; lastKnownFileType = text.plist.xml; path = Info.plist; sourceTree = "<group>"; };
		7B62F6B11EA5AF3300D30730 /* SJWaterWaveView.h */ = {isa = PBXFileReference; fileEncoding = 4; lastKnownFileType = sourcecode.c.h; path = SJWaterWaveView.h; sourceTree = "<group>"; };
		7B62F6B21EA5AF3300D30730 /* SJWaterWaveView.m */ = {isa = PBXFileReference; fileEncoding = 4; lastKnownFileType = sourcecode.c.objc; path = SJWaterWaveView.m; sourceTree = "<group>"; };
/* End PBXFileReference section */

/* Begin PBXFrameworksBuildPhase section */
		7B62F6771EA5AEDF00D30730 /* Frameworks */ = {
			isa = PBXFrameworksBuildPhase;
			buildActionMask = 2147483647;
			files = (
			);
			runOnlyForDeploymentPostprocessing = 0;
		};
		7B62F6901EA5AEDF00D30730 /* Frameworks */ = {
			isa = PBXFrameworksBuildPhase;
			buildActionMask = 2147483647;
			files = (
			);
			runOnlyForDeploymentPostprocessing = 0;
		};
		7B62F69B1EA5AEDF00D30730 /* Frameworks */ = {
			isa = PBXFrameworksBuildPhase;
			buildActionMask = 2147483647;
			files = (
			);
			runOnlyForDeploymentPostprocessing = 0;
		};
/* End PBXFrameworksBuildPhase section */

/* Begin PBXGroup section */
		7B62F6711EA5AEDE00D30730 = {
			isa = PBXGroup;
			children = (
				7B62F67C1EA5AEDF00D30730 /* WaterWave */,
				7B62F6961EA5AEDF00D30730 /* WaterWaveTests */,
				7B62F6A11EA5AEDF00D30730 /* WaterWaveUITests */,
				7B62F67B1EA5AEDF00D30730 /* Products */,
			);
			sourceTree = "<group>";
		};
		7B62F67B1EA5AEDF00D30730 /* Products */ = {
			isa = PBXGroup;
			children = (
				7B62F67A1EA5AEDF00D30730 /* WaterWave.app */,
				7B62F6931EA5AEDF00D30730 /* WaterWaveTests.xctest */,
				7B62F69E1EA5AEDF00D30730 /* WaterWaveUITests.xctest */,
			);
			name = Products;
			sourceTree = "<group>";
		};
		7B62F67C1EA5AEDF00D30730 /* WaterWave */ = {
			isa = PBXGroup;
			children = (
				7B62F6B01EA5AF0900D30730 /* WaterWaveView */,
				7B62F6801EA5AEDF00D30730 /* AppDelegate.h */,
				7B62F6811EA5AEDF00D30730 /* AppDelegate.m */,
				7B62F6831EA5AEDF00D30730 /* ViewController.h */,
				7B62F6841EA5AEDF00D30730 /* ViewController.m */,
				7B62F6861EA5AEDF00D30730 /* Main.storyboard */,
				7B62F6891EA5AEDF00D30730 /* Assets.xcassets */,
				7B62F68B1EA5AEDF00D30730 /* LaunchScreen.storyboard */,
				7B62F68E1EA5AEDF00D30730 /* Info.plist */,
				7B62F67D1EA5AEDF00D30730 /* Supporting Files */,
			);
			path = WaterWave;
			sourceTree = "<group>";
		};
		7B62F67D1EA5AEDF00D30730 /* Supporting Files */ = {
			isa = PBXGroup;
			children = (
				7B62F67E1EA5AEDF00D30730 /* main.m */,
			);
			name = "Supporting Files";
			sourceTree = "<group>";
		};
		7B62F6961EA5AEDF00D30730 /* WaterWaveTests */ = {
			isa = PBXGroup;
			children = (
				7B62F6971EA5AEDF00D30730 /* WaterWaveTests.m */,
				7B62F6991EA5AEDF00D30730 /* Info.plist */,
			);
			path = WaterWaveTests;
			sourceTree = "<group>";
		};
		7B62F6A11EA5AEDF00D30730 /* WaterWaveUITests */ = {
			isa = PBXGroup;
			children = (
				7B62F6A21EA5AEDF00D30730 /* WaterWaveUITests.m */,
				7B62F6A41EA5AEDF00D30730 /* Info.plist */,
			);
			path = WaterWaveUITests;
			sourceTree = "<group>";
		};
		7B62F6B01EA5AF0900D30730 /* WaterWaveView */ = {
			isa = PBXGroup;
			children = (
				7B62F6B11EA5AF3300D30730 /* SJWaterWaveView.h */,
				7B62F6B21EA5AF3300D30730 /* SJWaterWaveView.m */,
			);
			path = WaterWaveView;
			sourceTree = "<group>";
		};
/* End PBXGroup section */

/* Begin PBXNativeTarget section */
		7B62F6791EA5AEDF00D30730 /* WaterWave */ = {
			isa = PBXNativeTarget;
			buildConfigurationList = 7B62F6A71EA5AEDF00D30730 /* Build configuration list for PBXNativeTarget "WaterWave" */;
			buildPhases = (
				7B62F6761EA5AEDF00D30730 /* Sources */,
				7B62F6771EA5AEDF00D30730 /* Frameworks */,
				7B62F6781EA5AEDF00D30730 /* Resources */,
			);
			buildRules = (
			);
			dependencies = (
			);
			name = WaterWave;
			productName = WaterWave;
			productReference = 7B62F67A1EA5AEDF00D30730 /* WaterWave.app */;
			productType = "com.apple.product-type.application";
		};
		7B62F6921EA5AEDF00D30730 /* WaterWaveTests */ = {
			isa = PBXNativeTarget;
			buildConfigurationList = 7B62F6AA1EA5AEDF00D30730 /* Build configuration list for PBXNativeTarget "WaterWaveTests" */;
			buildPhases = (
				7B62F68F1EA5AEDF00D30730 /* Sources */,
				7B62F6901EA5AEDF00D30730 /* Frameworks */,
				7B62F6911EA5AEDF00D30730 /* Resources */,
			);
			buildRules = (
			);
			dependencies = (
				7B62F6951EA5AEDF00D30730 /* PBXTargetDependency */,
			);
			name = WaterWaveTests;
			productName = WaterWaveTests;
			productReference = 7B62F6931EA5AEDF00D30730 /* WaterWaveTests.xctest */;
			productType = "com.apple.product-type.bundle.unit-test";
		};
		7B62F69D1EA5AEDF00D30730 /* WaterWaveUITests */ = {
			isa = PBXNativeTarget;
			buildConfigurationList = 7B62F6AD1EA5AEDF00D30730 /* Build configuration list for PBXNativeTarget "WaterWaveUITests" */;
			buildPhases = (
				7B62F69A1EA5AEDF00D30730 /* Sources */,
				7B62F69B1EA5AEDF00D30730 /* Frameworks */,
				7B62F69C1EA5AEDF00D30730 /* Resources */,
			);
			buildRules = (
			);
			dependencies = (
				7B62F6A01EA5AEDF00D30730 /* PBXTargetDependency */,
			);
			name = WaterWaveUITests;
			productName = WaterWaveUITests;
			productReference = 7B62F69E1EA5AEDF00D30730 /* WaterWaveUITests.xctest */;
			productType = "com.apple.product-type.bundle.ui-testing";
		};
/* End PBXNativeTarget section */

/* Begin PBXProject section */
		7B62F6721EA5AEDF00D30730 /* Project object */ = {
			isa = PBXProject;
			attributes = {
				LastUpgradeCheck = 0830;
				ORGANIZATIONNAME = SJ;
				TargetAttributes = {
					7B62F6791EA5AEDF00D30730 = {
						CreatedOnToolsVersion = 8.3;
						ProvisioningStyle = Automatic;
					};
					7B62F6921EA5AEDF00D30730 = {
						CreatedOnToolsVersion = 8.3;
						ProvisioningStyle = Automatic;
						TestTargetID = 7B62F6791EA5AEDF00D30730;
					};
					7B62F69D1EA5AEDF00D30730 = {
						CreatedOnToolsVersion = 8.3;
						ProvisioningStyle = Automatic;
						TestTargetID = 7B62F6791EA5AEDF00D30730;
					};
				};
			};
			buildConfigurationList = 7B62F6751EA5AEDF00D30730 /* Build configuration list for PBXProject "WaterWave" */;
			compatibilityVersion = "Xcode 3.2";
			developmentRegion = English;
			hasScannedForEncodings = 0;
			knownRegions = (
				en,
				Base,
			);
			mainGroup = 7B62F6711EA5AEDE00D30730;
			productRefGroup = 7B62F67B1EA5AEDF00D30730 /* Products */;
			projectDirPath = "";
			projectRoot = "";
			targets = (
				7B62F6791EA5AEDF00D30730 /* WaterWave */,
				7B62F6921EA5AEDF00D30730 /* WaterWaveTests */,
				7B62F69D1EA5AEDF00D30730 /* WaterWaveUITests */,
			);
		};
/* End PBXProject section */

/* Begin PBXResourcesBuildPhase section */
		7B62F6781EA5AEDF00D30730 /* Resources */ = {
			isa = PBXResourcesBuildPhase;
			buildActionMask = 2147483647;
			files = (
				7B62F68D1EA5AEDF00D30730 /* LaunchScreen.storyboard in Resources */,
				7B62F68A1EA5AEDF00D30730 /* Assets.xcassets in Resources */,
				7B62F6881EA5AEDF00D30730 /* Main.storyboard in Resources */,
			);
			runOnlyForDeploymentPostprocessing = 0;
		};
		7B62F6911EA5AEDF00D30730 /* Resources */ = {
			isa = PBXResourcesBuildPhase;
			buildActionMask = 2147483647;
			files = (
			);
			runOnlyForDeploymentPostprocessing = 0;
		};
		7B62F69C1EA5AEDF00D30730 /* Resources */ = {
			isa = PBXResourcesBuildPhase;
			buildActionMask = 2147483647;
			files = (
			);
			runOnlyForDeploymentPostprocessing = 0;
		};
/* End PBXResourcesBuildPhase section */

/* Begin PBXSourcesBuildPhase section */
		7B62F6761EA5AEDF00D30730 /* Sources */ = {
			isa = PBXSourcesBuildPhase;
			buildActionMask = 2147483647;
			files = (
				7B62F6851EA5AEDF00D30730 /* ViewController.m in Sources */,
				7B62F6821EA5AEDF00D30730 /* AppDelegate.m in Sources */,
				7B62F6B31EA5AF3300D30730 /* SJWaterWaveView.m in Sources */,
				7B62F67F1EA5AEDF00D30730 /* main.m in Sources */,
			);
			runOnlyForDeploymentPostprocessing = 0;
		};
		7B62F68F1EA5AEDF00D30730 /* Sources */ = {
			isa = PBXSourcesBuildPhase;
			buildActionMask = 2147483647;
			files = (
				7B62F6981EA5AEDF00D30730 /* WaterWaveTests.m in Sources */,
			);
			runOnlyForDeploymentPostprocessing = 0;
		};
		7B62F69A1EA5AEDF00D30730 /* Sources */ = {
			isa = PBXSourcesBuildPhase;
			buildActionMask = 2147483647;
			files = (
				7B62F6A31EA5AEDF00D30730 /* WaterWaveUITests.m in Sources */,
			);
			runOnlyForDeploymentPostprocessing = 0;
		};
/* End PBXSourcesBuildPhase section */

/* Begin PBXTargetDependency section */
		7B62F6951EA5AEDF00D30730 /* PBXTargetDependency */ = {
			isa = PBXTargetDependency;
			target = 7B62F6791EA5AEDF00D30730 /* WaterWave */;
			targetProxy = 7B62F6941EA5AEDF00D30730 /* PBXContainerItemProxy */;
		};
		7B62F6A01EA5AEDF00D30730 /* PBXTargetDependency */ = {
			isa = PBXTargetDependency;
			target = 7B62F6791EA5AEDF00D30730 /* WaterWave */;
			targetProxy = 7B62F69F1EA5AEDF00D30730 /* PBXContainerItemProxy */;
		};
/* End PBXTargetDependency section */

/* Begin PBXVariantGroup section */
		7B62F6861EA5AEDF00D30730 /* Main.storyboard */ = {
			isa = PBXVariantGroup;
			children = (
				7B62F6871EA5AEDF00D30730 /* Base */,
			);
			name = Main.storyboard;
			sourceTree = "<group>";
		};
		7B62F68B1EA5AEDF00D30730 /* LaunchScreen.storyboard */ = {
			isa = PBXVariantGroup;
			children = (
				7B62F68C1EA5AEDF00D30730 /* Base */,
			);
			name = LaunchScreen.storyboard;
			sourceTree = "<group>";
		};
/* End PBXVariantGroup section */

/* Begin XCBuildConfiguration section */
		7B62F6A51EA5AEDF00D30730 /* Debug */ = {
			isa = XCBuildConfiguration;
			buildSettings = {
				ALWAYS_SEARCH_USER_PATHS = NO;
				CLANG_ANALYZER_NONNULL = YES;
				CLANG_ANALYZER_NUMBER_OBJECT_CONVERSION = YES_AGGRESSIVE;
				CLANG_CXX_LANGUAGE_STANDARD = "gnu++0x";
				CLANG_CXX_LIBRARY = "libc++";
				CLANG_ENABLE_MODULES = YES;
				CLANG_ENABLE_OBJC_ARC = YES;
				CLANG_WARN_BOOL_CONVERSION = YES;
				CLANG_WARN_CONSTANT_CONVERSION = YES;
				CLANG_WARN_DIRECT_OBJC_ISA_USAGE = YES_ERROR;
				CLANG_WARN_DOCUMENTATION_COMMENTS = YES;
				CLANG_WARN_EMPTY_BODY = YES;
				CLANG_WARN_ENUM_CONVERSION = YES;
				CLANG_WARN_INFINITE_RECURSION = YES;
				CLANG_WARN_INT_CONVERSION = YES;
				CLANG_WARN_OBJC_ROOT_CLASS = YES_ERROR;
				CLANG_WARN_SUSPICIOUS_MOVE = YES;
				CLANG_WARN_UNREACHABLE_CODE = YES;
				CLANG_WARN__DUPLICATE_METHOD_MATCH = YES;
				"CODE_SIGN_IDENTITY[sdk=iphoneos*]" = "iPhone Developer";
				COPY_PHASE_STRIP = NO;
				DEBUG_INFORMATION_FORMAT = dwarf;
				ENABLE_STRICT_OBJC_MSGSEND = YES;
				ENABLE_TESTABILITY = YES;
				GCC_C_LANGUAGE_STANDARD = gnu99;
				GCC_DYNAMIC_NO_PIC = NO;
				GCC_NO_COMMON_BLOCKS = YES;
				GCC_OPTIMIZATION_LEVEL = 0;
				GCC_PREPROCESSOR_DEFINITIONS = (
					"DEBUG=1",
					"$(inherited)",
				);
				GCC_WARN_64_TO_32_BIT_CONVERSION = YES;
				GCC_WARN_ABOUT_RETURN_TYPE = YES_ERROR;
				GCC_WARN_UNDECLARED_SELECTOR = YES;
				GCC_WARN_UNINITIALIZED_AUTOS = YES_AGGRESSIVE;
				GCC_WARN_UNUSED_FUNCTION = YES;
				GCC_WARN_UNUSED_VARIABLE = YES;
				IPHONEOS_DEPLOYMENT_TARGET = 10.3;
				MTL_ENABLE_DEBUG_INFO = YES;
				ONLY_ACTIVE_ARCH = YES;
				SDKROOT = iphoneos;
			};
			name = Debug;
		};
		7B62F6A61EA5AEDF00D30730 /* Release */ = {
			isa = XCBuildConfiguration;
			buildSettings = {
				ALWAYS_SEARCH_USER_PATHS = NO;
				CLANG_ANALYZER_NONNULL = YES;
				CLANG_ANALYZER_NUMBER_OBJECT_CONVERSION = YES_AGGRESSIVE;
				CLANG_CXX_LANGUAGE_STANDARD = "gnu++0x";
				CLANG_CXX_LIBRARY = "libc++";
				CLANG_ENABLE_MODULES = YES;
				CLANG_ENABLE_OBJC_ARC = YES;
				CLANG_WARN_BOOL_CONVERSION = YES;
				CLANG_WARN_CONSTANT_CONVERSION = YES;
				CLANG_WARN_DIRECT_OBJC_ISA_USAGE = YES_ERROR;
				CLANG_WARN_DOCUMENTATION_COMMENTS = YES;
				CLANG_WARN_EMPTY_BODY = YES;
				CLANG_WARN_ENUM_CONVERSION = YES;
				CLANG_WARN_INFINITE_RECURSION = YES;
				CLANG_WARN_INT_CONVERSION = YES;
				CLANG_WARN_OBJC_ROOT_CLASS = YES_ERROR;
				CLANG_WARN_SUSPICIOUS_MOVE = YES;
				CLANG_WARN_UNREACHABLE_CODE = YES;
				CLANG_WARN__DUPLICATE_METHOD_MATCH = YES;
				"CODE_SIGN_IDENTITY[sdk=iphoneos*]" = "iPhone Developer";
				COPY_PHASE_STRIP = NO;
				DEBUG_INFORMATION_FORMAT = "dwarf-with-dsym";
				ENABLE_NS_ASSERTIONS = NO;
				ENABLE_STRICT_OBJC_MSGSEND = YES;
				GCC_C_LANGUAGE_STANDARD = gnu99;
				GCC_NO_COMMON_BLOCKS = YES;
				GCC_WARN_64_TO_32_BIT_CONVERSION = YES;
				GCC_WARN_ABOUT_RETURN_TYPE = YES_ERROR;
				GCC_WARN_UNDECLARED_SELECTOR = YES;
				GCC_WARN_UNINITIALIZED_AUTOS = YES_AGGRESSIVE;
				GCC_WARN_UNUSED_FUNCTION = YES;
				GCC_WARN_UNUSED_VARIABLE = YES;
				IPHONEOS_DEPLOYMENT_TARGET = 10.3;
				MTL_ENABLE_DEBUG_INFO = NO;
				SDKROOT = iphoneos;
				VALIDATE_PRODUCT = YES;
			};
			name = Release;
		};
		7B62F6A81EA5AEDF00D30730 /* Debug */ = {
			isa = XCBuildConfiguration;
			buildSettings = {
				ASSETCATALOG_COMPILER_APPICON_NAME = AppIcon;
				INFOPLIST_FILE = WaterWave/Info.plist;
				IPHONEOS_DEPLOYMENT_TARGET = 8.0;
				LD_RUNPATH_SEARCH_PATHS = "$(inherited) @executable_path/Frameworks";
				PRODUCT_BUNDLE_IDENTIFIER = com.SJ.WaterWave;
				PRODUCT_NAME = "$(TARGET_NAME)";
			};
			name = Debug;
		};
		7B62F6A91EA5AEDF00D30730 /* Release */ = {
			isa = XCBuildConfiguration;
			buildSettings = {
				ASSETCATALOG_COMPILER_APPICON_NAME = AppIcon;
				INFOPLIST_FILE = WaterWave/Info.plist;
				IPHONEOS_DEPLOYMENT_TARGET = 8.0;
				LD_RUNPATH_SEARCH_PATHS = "$(inherited) @executable_path/Frameworks";
				PRODUCT_BUNDLE_IDENTIFIER = com.SJ.WaterWave;
				PRODUCT_NAME = "$(TARGET_NAME)";
			};
			name = Release;
		};
		7B62F6AB1EA5AEDF00D30730 /* Debug */ = {
			isa = XCBuildConfiguration;
			buildSettings = {
				BUNDLE_LOADER = "$(TEST_HOST)";
				INFOPLIST_FILE = WaterWaveTests/Info.plist;
				LD_RUNPATH_SEARCH_PATHS = "$(inherited) @executable_path/Frameworks @loader_path/Frameworks";
				PRODUCT_BUNDLE_IDENTIFIER = com.SJ.WaterWaveTests;
				PRODUCT_NAME = "$(TARGET_NAME)";
				TEST_HOST = "$(BUILT_PRODUCTS_DIR)/WaterWave.app/WaterWave";
			};
			name = Debug;
		};
		7B62F6AC1EA5AEDF00D30730 /* Release */ = {
			isa = XCBuildConfiguration;
			buildSettings = {
				BUNDLE_LOADER = "$(TEST_HOST)";
				INFOPLIST_FILE = WaterWaveTests/Info.plist;
				LD_RUNPATH_SEARCH_PATHS = "$(inherited) @executable_path/Frameworks @loader_path/Frameworks";
				PRODUCT_BUNDLE_IDENTIFIER = com.SJ.WaterWaveTests;
				PRODUCT_NAME = "$(TARGET_NAME)";
				TEST_HOST = "$(BUILT_PRODUCTS_DIR)/WaterWave.app/WaterWave";
			};
			name = Release;
		};
		7B62F6AE1EA5AEDF00D30730 /* Debug */ = {
			isa = XCBuildConfiguration;
			buildSettings = {
				INFOPLIST_FILE = WaterWaveUITests/Info.plist;
				LD_RUNPATH_SEARCH_PATHS = "$(inherited) @executable_path/Frameworks @loader_path/Frameworks";
				PRODUCT_BUNDLE_IDENTIFIER = com.SJ.WaterWaveUITests;
				PRODUCT_NAME = "$(TARGET_NAME)";
				TEST_TARGET_NAME = WaterWave;
			};
			name = Debug;
		};
		7B62F6AF1EA5AEDF00D30730 /* Release */ = {
			isa = XCBuildConfiguration;
			buildSettings = {
				INFOPLIST_FILE = WaterWaveUITests/Info.plist;
				LD_RUNPATH_SEARCH_PATHS = "$(inherited) @executable_path/Frameworks @loader_path/Frameworks";
				PRODUCT_BUNDLE_IDENTIFIER = com.SJ.WaterWaveUITests;
				PRODUCT_NAME = "$(TARGET_NAME)";
				TEST_TARGET_NAME = WaterWave;
			};
			name = Release;
		};
/* End XCBuildConfiguration section */

/* Begin XCConfigurationList section */
		7B62F6751EA5AEDF00D30730 /* Build configuration list for PBXProject "WaterWave" */ = {
			isa = XCConfigurationList;
			buildConfigurations = (
				7B62F6A51EA5AEDF00D30730 /* Debug */,
				7B62F6A61EA5AEDF00D30730 /* Release */,
			);
			defaultConfigurationIsVisible = 0;
			defaultConfigurationName = Release;
		};
		7B62F6A71EA5AEDF00D30730 /* Build configuration list for PBXNativeTarget "WaterWave" */ = {
			isa = XCConfigurationList;
			buildConfigurations = (
				7B62F6A81EA5AEDF00D30730 /* Debug */,
				7B62F6A91EA5AEDF00D30730 /* Release */,
			);
			defaultConfigurationIsVisible = 0;
		};
		7B62F6AA1EA5AEDF00D30730 /* Build configuration list for PBXNativeTarget "WaterWaveTests" */ = {
			isa = XCConfigurationList;
			buildConfigurations = (
				7B62F6AB1EA5AEDF00D30730 /* Debug */,
				7B62F6AC1EA5AEDF00D30730 /* Release */,
			);
			defaultConfigurationIsVisible = 0;
		};
		7B62F6AD1EA5AEDF00D30730 /* Build configuration list for PBXNativeTarget "WaterWaveUITests" */ = {
			isa = XCConfigurationList;
			buildConfigurations = (
				7B62F6AE1EA5AEDF00D30730 /* Debug */,
				7B62F6AF1EA5AEDF00D30730 /* Release */,
			);
			defaultConfigurationIsVisible = 0;
		};
/* End XCConfigurationList section */
	};
	rootObject = 7B62F6721EA5AEDF00D30730 /* Project object */;
}
